
Microsoft Visual Studio Solution File, Format Version 12.00
# Visual Studio Version 16
VisualStudioVersion = 16.0.30709.64
MinimumVisualStudioVersion = 10.0.40219.1
Project("{FAE04EC0-301F-11D3-BF4B-00C04F79EFBC}") = "MachineTypeApp", "MachineTypeApp\MachineTypeApp.csproj", "{71A7273E-7004-401D-86E0-18C6534EA827}"
EndProject
Project("{00D1A9C2-B5F0-4AF3-8072-F6C62B433612}") = "MachineTypeApp.SqlServer", "MachineTypeApp.SqlServer\MachineTypeApp.SqlServer.sqlproj", "{29D21CDD-3DD7-44C0-8AC2-6E62F898099C}"
EndProject
Project("{FAE04EC0-301F-11D3-BF4B-00C04F79EFBC}") = "MachineTypeApp.Models", "MachineTypeApp.Models\MachineTypeApp.Models.csproj", "{21042D86-F773-40FE-AF7C-BA0339B75E14}"
EndProject
Global
	GlobalSection(SolutionConfigurationPlatforms) = preSolution
		Debug|Any CPU = Debug|Any CPU
		Release|Any CPU = Release|Any CPU
	EndGlobalSection
	GlobalSection(ProjectConfigurationPlatforms) = postSolution
		{71A7273E-7004-401D-86E0-18C6534EA827}.Debug|Any CPU.ActiveCfg = Debug|Any CPU
		{71A7273E-7004-401D-86E0-18C6534EA827}.Debug|Any CPU.Build.0 = Debug|Any CPU
		{71A7273E-7004-401D-86E0-18C6534EA827}.Release|Any CPU.ActiveCfg = Release|Any CPU
		{71A7273E-7004-401D-86E0-18C6534EA827}.Release|Any CPU.Build.0 = Release|Any CPU
		{29D21CDD-3DD7-44C0-8AC2-6E62F898099C}.Debug|Any CPU.ActiveCfg = Debug|Any CPU
		{29D21CDD-3DD7-44C0-8AC2-6E62F898099C}.Debug|Any CPU.Build.0 = Debug|Any CPU
		{29D21CDD-3DD7-44C0-8AC2-6E62F898099C}.Debug|Any CPU.Deploy.0 = Debug|Any CPU
		{29D21CDD-3DD7-44C0-8AC2-6E62F898099C}.Release|Any CPU.ActiveCfg = Release|Any CPU
		{29D21CDD-3DD7-44C0-8AC2-6E62F898099C}.Release|Any CPU.Build.0 = Release|Any CPU
		{29D21CDD-3DD7-44C0-8AC2-6E62F898099C}.Release|Any CPU.Deploy.0 = Release|Any CPU
		{21042D86-F773-40FE-AF7C-BA0339B75E14}.Debug|Any CPU.ActiveCfg = Debug|Any CPU
		{21042D86-F773-40FE-AF7C-BA0339B75E14}.Debug|Any CPU.Build.0 = Debug|Any CPU
		{21042D86-F773-40FE-AF7C-BA0339B75E14}.Release|Any CPU.ActiveCfg = Release|Any CPU
		{21042D86-F773-40FE-AF7C-BA0339B75E14}.Release|Any CPU.Build.0 = Release|Any CPU
	EndGlobalSection
	GlobalSection(SolutionProperties) = preSolution
		HideSolutionNode = FALSE
	EndGlobalSection
	GlobalSection(ExtensibilityGlobals) = postSolution
		SolutionGuid = {EAB301E4-EA6A-4E8D-BEE8-F0DAA1068959}
	EndGlobalSection
EndGlobal
